
Microsoft Visual Studio Solution File, Format Version 12.00
# Visual Studio Version 16
VisualStudioVersion = 16.0.30225.117
MinimumVisualStudioVersion = 10.0.40219.1
Project("{FAE04EC0-301F-11D3-BF4B-00C04F79EFBC}") = "raceanalyst", "raceanalyst\raceanalyst.csproj", "{4EBF0980-99A3-4481-8CA0-26A48B156B5F}"
EndProject
Global
	GlobalSection(SolutionConfigurationPlatforms) = preSolution
		Debug|Any CPU = Debug|Any CPU
		Release|Any CPU = Release|Any CPU
	EndGlobalSection
	GlobalSection(ProjectConfigurationPlatforms) = postSolution
		{4EBF0980-99A3-4481-8CA0-26A48B156B5F}.Debug|Any CPU.ActiveCfg = Debug|Any CPU
		{4EBF0980-99A3-4481-8CA0-26A48B156B5F}.Debug|Any CPU.Build.0 = Debug|Any CPU
		{4EBF0980-99A3-4481-8CA0-26A48B156B5F}.Release|Any CPU.ActiveCfg = Release|Any CPU
		{4EBF0980-99A3-4481-8CA0-26A48B156B5F}.Release|Any CPU.Build.0 = Release|Any CPU
	EndGlobalSection
	GlobalSection(SolutionProperties) = preSolution
		HideSolutionNode = FALSE
	EndGlobalSection
	GlobalSection(ExtensibilityGlobals) = postSolution
		SolutionGuid = {60E57227-7C36-4348-980C-EC54DC7C9B87}
	EndGlobalSection
EndGlobal
